{
  "name": "pemanasan",
  "version": "1.0.0",
  "lockfileVersion": 2,
  "requires": true,
  "packages": {
    "": {
      "name": "pemanasan",
      "version": "1.0.0",
      "license": "ISC",
      "dependencies": {
        "pdf.js-extract": "^0.2.1"
      }
    },
    "node_modules/dommatrix": {
      "version": "0.0.24",
      "resolved": "https://registry.npmjs.org/dommatrix/-/dommatrix-0.0.24.tgz",
      "integrity": "sha512-PatEhAW5pIHr28MvFQGV5iiHNloqvecQZlxs7/8s/eulLqZI3uVqPkrO7YDuqsebovr/9mmcWDSWzVG4amEZgQ=="
    },
    "node_modules/pdf.js-extract": {
      "version": "0.2.1",
      "resolved": "https://registry.npmjs.org/pdf.js-extract/-/pdf.js-extract-0.2.1.tgz",
      "integrity": "sha512-oUs5KaTVCelIyiBajCx3zAZKurkN9oVwRdqbSeDqeofddxNuwJRur86fCETvKZ/tX5nZJUSZWq3ie76PsArz7A==",
      "dependencies": {
        "dommatrix": "0.0.24",
        "web-streams-polyfill": "3.2.0"
      },
      "engines": {
        "node": ">=12.0.0"
      }
    },
    "node_modules/web-streams-polyfill": {
      "version": "3.2.0",
      "resolved": "https://registry.npmjs.org/web-streams-polyfill/-/web-streams-polyfill-3.2.0.tgz",
      "integrity": "sha512-EqPmREeOzttaLRm5HS7io98goBgZ7IVz79aDvqjD0kYXLtFZTc0T/U6wHTPKyIjb+MdN7DFIIX6hgdBEpWmfPA==",
      "engines": {
        "node": ">= 8"
      }
    }
  },
  "dependencies": {
    "dommatrix": {
      "version": "0.0.24",
      "resolved": "https://registry.npmjs.org/dommatrix/-/dommatrix-0.0.24.tgz",
      "integrity": "sha512-PatEhAW5pIHr28MvFQGV5iiHNloqvecQZlxs7/8s/eulLqZI3uVqPkrO7YDuqsebovr/9mmcWDSWzVG4amEZgQ=="
    },
    "pdf.js-extract": {
      "version": "0.2.1",
      "resolved": "https://registry.npmjs.org/pdf.js-extract/-/pdf.js-extract-0.2.1.tgz",
      "integrity": "sha512-oUs5KaTVCelIyiBajCx3zAZKurkN9oVwRdqbSeDqeofddxNuwJRur86fCETvKZ/tX5nZJUSZWq3ie76PsArz7A==",
      "requires": {
        "dommatrix": "0.0.24",
        "web-streams-polyfill": "3.2.0"
      }
    },
    "web-streams-polyfill": {
      "version": "3.2.0",
      "resolved": "https://registry.npmjs.org/web-streams-polyfill/-/web-streams-polyfill-3.2.0.tgz",
      "integrity": "sha512-EqPmREeOzttaLRm5HS7io98goBgZ7IVz79aDvqjD0kYXLtFZTc0T/U6wHTPKyIjb+MdN7DFIIX6hgdBEpWmfPA=="
    }
  }
}
